{"1.1.0",
[{<<"amqp_client">>,{pkg,<<"amqp_client">>,<<"3.6.14">>},0},
 {<<"fast_xml">>,{pkg,<<"fast_xml">>,<<"1.1.24">>},1},
 {<<"p1_utils">>,{pkg,<<"p1_utils">>,<<"1.0.10">>},2},
 {<<"rabbit_common">>,{pkg,<<"rabbit_common">>,<<"3.6.14">>},1},
 {<<"recon">>,{pkg,<<"recon">>,<<"2.3.2">>},2},
 {<<"snatch">>,{pkg,<<"snatch">>,<<"0.1.0">>},0}]}.
[
{pkg_hash,[
 {<<"amqp_client">>, <<"523C4A84D7CAB9CE19E1BA17274C87F10627E6539735C1F26DFE5CE2D5AAD75D">>},
 {<<"fast_xml">>, <<"66F0D9FC52A862013806C1474B3335A818A33156F68F83C6538A17B6A26DB422">>},
 {<<"p1_utils">>, <<"A6D6927114BAC79CF6468A10824125492034AF7071ADC6ED5EBC4DDB443845D4">>},
 {<<"rabbit_common">>, <<"DC134CD7228F656367E6E6AC88F1F4EF4A63D8A78A2238F52990A4DE467708A1">>},
 {<<"recon">>, <<"4444C879BE323B1B133EEC5241CB84BD3821EA194C740D75617E106BE4744318">>},
 {<<"snatch">>, <<"F48CD122D53B82B356E52F332CD2EDDA0B629DF890BF414571F682F115CB48BE">>}]}
].
